// !$*UTF8*$!
{
	archiveVersion = 1;
	classes = {
	};
	objectVersion = 46;
	objects = {

/* Begin PBXBuildFile section */
		04DB85381B8D6AF5006DD46F /* main.m in Sources */ = {isa = PBXBuildFile; fileRef = 04DB85371B8D6AF5006DD46F /* main.m */; };
		04DB853B1B8D6AF5006DD46F /* AppDelegate.m in Sources */ = {isa = PBXBuildFile; fileRef = 04DB853A1B8D6AF5006DD46F /* AppDelegate.m */; };
		04DB853E1B8D6AF5006DD46F /* ViewController.m in Sources */ = {isa = PBXBuildFile; fileRef = 04DB853D1B8D6AF5006DD46F /* ViewController.m */; };
		04DB85411B8D6AF5006DD46F /* Main.storyboard in Resources */ = {isa = PBXBuildFile; fileRef = 04DB853F1B8D6AF5006DD46F /* Main.storyboard */; };
		04DB85431B8D6AF5006DD46F /* Images.xcassets in Resources */ = {isa = PBXBuildFile; fileRef = 04DB85421B8D6AF5006DD46F /* Images.xcassets */; };
		04DB85461B8D6AF5006DD46F /* LaunchScreen.xib in Resources */ = {isa = PBXBuildFile; fileRef = 04DB85441B8D6AF5006DD46F /* LaunchScreen.xib */; };
		04DB85521B8D6AF5006DD46F /* DrawQuartzTests.m in Sources */ = {isa = PBXBuildFile; fileRef = 04DB85511B8D6AF5006DD46F /* DrawQuartzTests.m */; };
		04DB855D1B8D6B51006DD46F /* YellowPerson.m in Sources */ = {isa = PBXBuildFile; fileRef = 04DB855C1B8D6B51006DD46F /* YellowPerson.m */; };
/* End PBXBuildFile section */

/* Begin PBXContainerItemProxy section */
		04DB854C1B8D6AF5006DD46F /* PBXContainerItemProxy */ = {
			isa = PBXContainerItemProxy;
			containerPortal = 04DB852A1B8D6AF4006DD46F /* Project object */;
			proxyType = 1;
			remoteGlobalIDString = 04DB85311B8D6AF5006DD46F;
			remoteInfo = DrawQuartz;
		};
/* End PBXContainerItemProxy section */

/* Begin PBXFileReference section */
		04DB85321B8D6AF5006DD46F /* DrawQuartz.app */ = {isa = PBXFileReference; explicitFileType = wrapper.application; includeInIndex = 0; path = DrawQuartz.app; sourceTree = BUILT_PRODUCTS_DIR; };
		04DB85361B8D6AF5006DD46F /* Info.plist */ = {isa = PBXFileReference; lastKnownFileType = text.plist.xml; path = Info.plist; sourceTree = "<group>"; };
		04DB85371B8D6AF5006DD46F /* main.m */ = {isa = PBXFileReference; lastKnownFileType = sourcecode.c.objc; path = main.m; sourceTree = "<group>"; };
		04DB85391B8D6AF5006DD46F /* AppDelegate.h */ = {isa = PBXFileReference; lastKnownFileType = sourcecode.c.h; path = AppDelegate.h; sourceTree = "<group>"; };
		04DB853A1B8D6AF5006DD46F /* AppDelegate.m */ = {isa = PBXFileReference; lastKnownFileType = sourcecode.c.objc; path = AppDelegate.m; sourceTree = "<group>"; };
		04DB853C1B8D6AF5006DD46F /* ViewController.h */ = {isa = PBXFileReference; lastKnownFileType = sourcecode.c.h; path = ViewController.h; sourceTree = "<group>"; };
		04DB853D1B8D6AF5006DD46F /* ViewController.m */ = {isa = PBXFileReference; lastKnownFileType = sourcecode.c.objc; path = ViewController.m; sourceTree = "<group>"; };
		04DB85401B8D6AF5006DD46F /* Base */ = {isa = PBXFileReference; lastKnownFileType = file.storyboard; name = Base; path = Base.lproj/Main.storyboard; sourceTree = "<group>"; };
		04DB85421B8D6AF5006DD46F /* Images.xcassets */ = {isa = PBXFileReference; lastKnownFileType = folder.assetcatalog; path = Images.xcassets; sourceTree = "<group>"; };
		04DB85451B8D6AF5006DD46F /* Base */ = {isa = PBXFileReference; lastKnownFileType = file.xib; name = Base; path = Base.lproj/LaunchScreen.xib; sourceTree = "<group>"; };
		04DB854B1B8D6AF5006DD46F /* DrawQuartzTests.xctest */ = {isa = PBXFileReference; explicitFileType = wrapper.cfbundle; includeInIndex = 0; path = DrawQuartzTests.xctest; sourceTree = BUILT_PRODUCTS_DIR; };
		04DB85501B8D6AF5006DD46F /* Info.plist */ = {isa = PBXFileReference; lastKnownFileType = text.plist.xml; path = Info.plist; sourceTree = "<group>"; };
		04DB85511B8D6AF5006DD46F /* DrawQuartzTests.m */ = {isa = PBXFileReference; lastKnownFileType = sourcecode.c.objc; path = DrawQuartzTests.m; sourceTree = "<group>"; };
		04DB855B1B8D6B51006DD46F /* YellowPerson.h */ = {isa = PBXFileReference; fileEncoding = 4; lastKnownFileType = sourcecode.c.h; path = YellowPerson.h; sourceTree = "<group>"; };
		04DB855C1B8D6B51006DD46F /* YellowPerson.m */ = {isa = PBXFileReference; fileEncoding = 4; lastKnownFileType = sourcecode.c.objc; path = YellowPerson.m; sourceTree = "<group>"; };
/* End PBXFileReference section */

/* Begin PBXFrameworksBuildPhase section */
		04DB852F1B8D6AF5006DD46F /* Frameworks */ = {
			isa = PBXFrameworksBuildPhase;
			buildActionMask = 2147483647;
			files = (
			);
			runOnlyForDeploymentPostprocessing = 0;
		};
		04DB85481B8D6AF5006DD46F /* Frameworks */ = {
			isa = PBXFrameworksBuildPhase;
			buildActionMask = 2147483647;
			files = (
			);
			runOnlyForDeploymentPostprocessing = 0;
		};
/* End PBXFrameworksBuildPhase section */

/* Begin PBXGroup section */
		04DB85291B8D6AF4006DD46F = {
			isa = PBXGroup;
			children = (
				04DB85341B8D6AF5006DD46F /* DrawQuartz */,
				04DB854E1B8D6AF5006DD46F /* DrawQuartzTests */,
				04DB85331B8D6AF5006DD46F /* Products */,
			);
			sourceTree = "<group>";
		};
		04DB85331B8D6AF5006DD46F /* Products */ = {
			isa = PBXGroup;
			children = (
				04DB85321B8D6AF5006DD46F /* DrawQuartz.app */,
				04DB854B1B8D6AF5006DD46F /* DrawQuartzTests.xctest */,
			);
			name = Products;
			sourceTree = "<group>";
		};
		04DB85341B8D6AF5006DD46F /* DrawQuartz */ = {
			isa = PBXGroup;
			children = (
				04DB85391B8D6AF5006DD46F /* AppDelegate.h */,
				04DB853A1B8D6AF5006DD46F /* AppDelegate.m */,
				04DB853C1B8D6AF5006DD46F /* ViewController.h */,
				04DB853D1B8D6AF5006DD46F /* ViewController.m */,
				04DB853F1B8D6AF5006DD46F /* Main.storyboard */,
				04DB855B1B8D6B51006DD46F /* YellowPerson.h */,
				04DB855C1B8D6B51006DD46F /* YellowPerson.m */,
				04DB85421B8D6AF5006DD46F /* Images.xcassets */,
				04DB85441B8D6AF5006DD46F /* LaunchScreen.xib */,
				04DB85351B8D6AF5006DD46F /* Supporting Files */,
			);
			path = DrawQuartz;
			sourceTree = "<group>";
		};
		04DB85351B8D6AF5006DD46F /* Supporting Files */ = {
			isa = PBXGroup;
			children = (
				04DB85361B8D6AF5006DD46F /* Info.plist */,
				04DB85371B8D6AF5006DD46F /* main.m */,
			);
			name = "Supporting Files";
			sourceTree = "<group>";
		};
		04DB854E1B8D6AF5006DD46F /* DrawQuartzTests */ = {
			isa = PBXGroup;
			children = (
				04DB85511B8D6AF5006DD46F /* DrawQuartzTests.m */,
				04DB854F1B8D6AF5006DD46F /* Supporting Files */,
			);
			path = DrawQuartzTests;
			sourceTree = "<group>";
		};
		04DB854F1B8D6AF5006DD46F /* Supporting Files */ = {
			isa = PBXGroup;
			children = (
				04DB85501B8D6AF5006DD46F /* Info.plist */,
			);
			name = "Supporting Files";
			sourceTree = "<group>";
		};
/* End PBXGroup section */

/* Begin PBXNativeTarget section */
		04DB85311B8D6AF5006DD46F /* DrawQuartz */ = {
			isa = PBXNativeTarget;
			buildConfigurationList = 04DB85551B8D6AF5006DD46F /* Build configuration list for PBXNativeTarget "DrawQuartz" */;
			buildPhases = (
				04DB852E1B8D6AF5006DD46F /* Sources */,
				04DB852F1B8D6AF5006DD46F /* Frameworks */,
				04DB85301B8D6AF5006DD46F /* Resources */,
			);
			buildRules = (
			);
			dependencies = (
			);
			name = DrawQuartz;
			productName = DrawQuartz;
			productReference = 04DB85321B8D6AF5006DD46F /* DrawQuartz.app */;
			productType = "com.apple.product-type.application";
		};
		04DB854A1B8D6AF5006DD46F /* DrawQuartzTests */ = {
			isa = PBXNativeTarget;
			buildConfigurationList = 04DB85581B8D6AF5006DD46F /* Build configuration list for PBXNativeTarget "DrawQuartzTests" */;
			buildPhases = (
				04DB85471B8D6AF5006DD46F /* Sources */,
				04DB85481B8D6AF5006DD46F /* Frameworks */,
				04DB85491B8D6AF5006DD46F /* Resources */,
			);
			buildRules = (
			);
			dependencies = (
				04DB854D1B8D6AF5006DD46F /* PBXTargetDependency */,
			);
			name = DrawQuartzTests;
			productName = DrawQuartzTests;
			productReference = 04DB854B1B8D6AF5006DD46F /* DrawQuartzTests.xctest */;
			productType = "com.apple.product-type.bundle.unit-test";
		};
/* End PBXNativeTarget section */

/* Begin PBXProject section */
		04DB852A1B8D6AF4006DD46F /* Project object */ = {
			isa = PBXProject;
			attributes = {
				LastUpgradeCheck = 0610;
				ORGANIZATIONNAME = "彭彬";
				TargetAttributes = {
					04DB85311B8D6AF5006DD46F = {
						CreatedOnToolsVersion = 6.1;
					};
					04DB854A1B8D6AF5006DD46F = {
						CreatedOnToolsVersion = 6.1;
						TestTargetID = 04DB85311B8D6AF5006DD46F;
					};
				};
			};
			buildConfigurationList = 04DB852D1B8D6AF4006DD46F /* Build configuration list for PBXProject "DrawQuartz" */;
			compatibilityVersion = "Xcode 3.2";
			developmentRegion = English;
			hasScannedForEncodings = 0;
			knownRegions = (
				en,
				Base,
			);
			mainGroup = 04DB85291B8D6AF4006DD46F;
			productRefGroup = 04DB85331B8D6AF5006DD46F /* Products */;
			projectDirPath = "";
			projectRoot = "";
			targets = (
				04DB85311B8D6AF5006DD46F /* DrawQuartz */,
				04DB854A1B8D6AF5006DD46F /* DrawQuartzTests */,
			);
		};
/* End PBXProject section */

/* Begin PBXResourcesBuildPhase section */
		04DB85301B8D6AF5006DD46F /* Resources */ = {
			isa = PBXResourcesBuildPhase;
			buildActionMask = 2147483647;
			files = (
				04DB85411B8D6AF5006DD46F /* Main.storyboard in Resources */,
				04DB85461B8D6AF5006DD46F /* LaunchScreen.xib in Resources */,
				04DB85431B8D6AF5006DD46F /* Images.xcassets in Resources */,
			);
			runOnlyForDeploymentPostprocessing = 0;
		};
		04DB85491B8D6AF5006DD46F /* Resources */ = {
			isa = PBXResourcesBuildPhase;
			buildActionMask = 2147483647;
			files = (
			);
			runOnlyForDeploymentPostprocessing = 0;
		};
/* End PBXResourcesBuildPhase section */

/* Begin PBXSourcesBuildPhase section */
		04DB852E1B8D6AF5006DD46F /* Sources */ = {
			isa = PBXSourcesBuildPhase;
			buildActionMask = 2147483647;
			files = (
				04DB855D1B8D6B51006DD46F /* YellowPerson.m in Sources */,
				04DB853E1B8D6AF5006DD46F /* ViewController.m in Sources */,
				04DB853B1B8D6AF5006DD46F /* AppDelegate.m in Sources */,
				04DB85381B8D6AF5006DD46F /* main.m in Sources */,
			);
			runOnlyForDeploymentPostprocessing = 0;
		};
		04DB85471B8D6AF5006DD46F /* Sources */ = {
			isa = PBXSourcesBuildPhase;
			buildActionMask = 2147483647;
			files = (
				04DB85521B8D6AF5006DD46F /* DrawQuartzTests.m in Sources */,
			);
			runOnlyForDeploymentPostprocessing = 0;
		};
/* End PBXSourcesBuildPhase section */

/* Begin PBXTargetDependency section */
		04DB854D1B8D6AF5006DD46F /* PBXTargetDependency */ = {
			isa = PBXTargetDependency;
			target = 04DB85311B8D6AF5006DD46F /* DrawQuartz */;
			targetProxy = 04DB854C1B8D6AF5006DD46F /* PBXContainerItemProxy */;
		};
/* End PBXTargetDependency section */

/* Begin PBXVariantGroup section */
		04DB853F1B8D6AF5006DD46F /* Main.storyboard */ = {
			isa = PBXVariantGroup;
			children = (
				04DB85401B8D6AF5006DD46F /* Base */,
			);
			name = Main.storyboard;
			sourceTree = "<group>";
		};
		04DB85441B8D6AF5006DD46F /* LaunchScreen.xib */ = {
			isa = PBXVariantGroup;
			children = (
				04DB85451B8D6AF5006DD46F /* Base */,
			);
			name = LaunchScreen.xib;
			sourceTree = "<group>";
		};
/* End PBXVariantGroup section */

/* Begin XCBuildConfiguration section */
		04DB85531B8D6AF5006DD46F /* Debug */ = {
			isa = XCBuildConfiguration;
			buildSettings = {
				ALWAYS_SEARCH_USER_PATHS = NO;
				CLANG_CXX_LANGUAGE_STANDARD = "gnu++0x";
				CLANG_CXX_LIBRARY = "libc++";
				CLANG_ENABLE_MODULES = YES;
				CLANG_ENABLE_OBJC_ARC = YES;
				CLANG_WARN_BOOL_CONVERSION = YES;
				CLANG_WARN_CONSTANT_CONVERSION = YES;
				CLANG_WARN_DIRECT_OBJC_ISA_USAGE = YES_ERROR;
				CLANG_WARN_EMPTY_BODY = YES;
				CLANG_WARN_ENUM_CONVERSION = YES;
				CLANG_WARN_INT_CONVERSION = YES;
				CLANG_WARN_OBJC_ROOT_CLASS = YES_ERROR;
				CLANG_WARN_UNREACHABLE_CODE = YES;
				CLANG_WARN__DUPLICATE_METHOD_MATCH = YES;
				"CODE_SIGN_IDENTITY[sdk=iphoneos*]" = "iPhone Developer";
				COPY_PHASE_STRIP = NO;
				ENABLE_STRICT_OBJC_MSGSEND = YES;
				GCC_C_LANGUAGE_STANDARD = gnu99;
				GCC_DYNAMIC_NO_PIC = NO;
				GCC_OPTIMIZATION_LEVEL = 0;
				GCC_PREPROCESSOR_DEFINITIONS = (
					"DEBUG=1",
					"$(inherited)",
				);
				GCC_SYMBOLS_PRIVATE_EXTERN = NO;
				GCC_WARN_64_TO_32_BIT_CONVERSION = YES;
				GCC_WARN_ABOUT_RETURN_TYPE = YES_ERROR;
				GCC_WARN_UNDECLARED_SELECTOR = YES;
				GCC_WARN_UNINITIALIZED_AUTOS = YES_AGGRESSIVE;
				GCC_WARN_UNUSED_FUNCTION = YES;
				GCC_WARN_UNUSED_VARIABLE = YES;
				IPHONEOS_DEPLOYMENT_TARGET = 8.1;
				MTL_ENABLE_DEBUG_INFO = YES;
				ONLY_ACTIVE_ARCH = YES;
				SDKROOT = iphoneos;
			};
			name = Debug;
		};
		04DB85541B8D6AF5006DD46F /* Release */ = {
			isa = XCBuildConfiguration;
			buildSettings = {
				ALWAYS_SEARCH_USER_PATHS = NO;
				CLANG_CXX_LANGUAGE_STANDARD = "gnu++0x";
				CLANG_CXX_LIBRARY = "libc++";
				CLANG_ENABLE_MODULES = YES;
				CLANG_ENABLE_OBJC_ARC = YES;
				CLANG_WARN_BOOL_CONVERSION = YES;
				CLANG_WARN_CONSTANT_CONVERSION = YES;
				CLANG_WARN_DIRECT_OBJC_ISA_USAGE = YES_ERROR;
				CLANG_WARN_EMPTY_BODY = YES;
				CLANG_WARN_ENUM_CONVERSION = YES;
				CLANG_WARN_INT_CONVERSION = YES;
				CLANG_WARN_OBJC_ROOT_CLASS = YES_ERROR;
				CLANG_WARN_UNREACHABLE_CODE = YES;
				CLANG_WARN__DUPLICATE_METHOD_MATCH = YES;
				"CODE_SIGN_IDENTITY[sdk=iphoneos*]" = "iPhone Developer";
				COPY_PHASE_STRIP = YES;
				ENABLE_NS_ASSERTIONS = NO;
				ENABLE_STRICT_OBJC_MSGSEND = YES;
				GCC_C_LANGUAGE_STANDARD = gnu99;
				GCC_WARN_64_TO_32_BIT_CONVERSION = YES;
				GCC_WARN_ABOUT_RETURN_TYPE = YES_ERROR;
				GCC_WARN_UNDECLARED_SELECTOR = YES;
				GCC_WARN_UNINITIALIZED_AUTOS = YES_AGGRESSIVE;
				GCC_WARN_UNUSED_FUNCTION = YES;
				GCC_WARN_UNUSED_VARIABLE = YES;
				IPHONEOS_DEPLOYMENT_TARGET = 8.1;
				MTL_ENABLE_DEBUG_INFO = NO;
				SDKROOT = iphoneos;
				VALIDATE_PRODUCT = YES;
			};
			name = Release;
		};
		04DB85561B8D6AF5006DD46F /* Debug */ = {
			isa = XCBuildConfiguration;
			buildSettings = {
				ASSETCATALOG_COMPILER_APPICON_NAME = AppIcon;
				INFOPLIST_FILE = DrawQuartz/Info.plist;
				LD_RUNPATH_SEARCH_PATHS = "$(inherited) @executable_path/Frameworks";
				PRODUCT_NAME = "$(TARGET_NAME)";
			};
			name = Debug;
		};
		04DB85571B8D6AF5006DD46F /* Release */ = {
			isa = XCBuildConfiguration;
			buildSettings = {
				ASSETCATALOG_COMPILER_APPICON_NAME = AppIcon;
				INFOPLIST_FILE = DrawQuartz/Info.plist;
				LD_RUNPATH_SEARCH_PATHS = "$(inherited) @executable_path/Frameworks";
				PRODUCT_NAME = "$(TARGET_NAME)";
			};
			name = Release;
		};
		04DB85591B8D6AF5006DD46F /* Debug */ = {
			isa = XCBuildConfiguration;
			buildSettings = {
				BUNDLE_LOADER = "$(TEST_HOST)";
				FRAMEWORK_SEARCH_PATHS = (
					"$(SDKROOT)/Developer/Library/Frameworks",
					"$(inherited)",
				);
				GCC_PREPROCESSOR_DEFINITIONS = (
					"DEBUG=1",
					"$(inherited)",
				);
				INFOPLIST_FILE = DrawQuartzTests/Info.plist;
				LD_RUNPATH_SEARCH_PATHS = "$(inherited) @executable_path/Frameworks @loader_path/Frameworks";
				PRODUCT_NAME = "$(TARGET_NAME)";
				TEST_HOST = "$(BUILT_PRODUCTS_DIR)/DrawQuartz.app/DrawQuartz";
			};
			name = Debug;
		};
		04DB855A1B8D6AF5006DD46F /* Release */ = {
			isa = XCBuildConfiguration;
			buildSettings = {
				BUNDLE_LOADER = "$(TEST_HOST)";
				FRAMEWORK_SEARCH_PATHS = (
					"$(SDKROOT)/Developer/Library/Frameworks",
					"$(inherited)",
				);
				INFOPLIST_FILE = DrawQuartzTests/Info.plist;
				LD_RUNPATH_SEARCH_PATHS = "$(inherited) @executable_path/Frameworks @loader_path/Frameworks";
				PRODUCT_NAME = "$(TARGET_NAME)";
				TEST_HOST = "$(BUILT_PRODUCTS_DIR)/DrawQuartz.app/DrawQuartz";
			};
			name = Release;
		};
/* End XCBuildConfiguration section */

/* Begin XCConfigurationList section */
		04DB852D1B8D6AF4006DD46F /* Build configuration list for PBXProject "DrawQuartz" */ = {
			isa = XCConfigurationList;
			buildConfigurations = (
				04DB85531B8D6AF5006DD46F /* Debug */,
				04DB85541B8D6AF5006DD46F /* Release */,
			);
			defaultConfigurationIsVisible = 0;
			defaultConfigurationName = Release;
		};
		04DB85551B8D6AF5006DD46F /* Build configuration list for PBXNativeTarget "DrawQuartz" */ = {
			isa = XCConfigurationList;
			buildConfigurations = (
				04DB85561B8D6AF5006DD46F /* Debug */,
				04DB85571B8D6AF5006DD46F /* Release */,
			);
			defaultConfigurationIsVisible = 0;
		};
		04DB85581B8D6AF5006DD46F /* Build configuration list for PBXNativeTarget "DrawQuartzTests" */ = {
			isa = XCConfigurationList;
			buildConfigurations = (
				04DB85591B8D6AF5006DD46F /* Debug */,
				04DB855A1B8D6AF5006DD46F /* Release */,
			);
			defaultConfigurationIsVisible = 0;
		};
/* End XCConfigurationList section */
	};
	rootObject = 04DB852A1B8D6AF4006DD46F /* Project object */;
}
